# This file is automatically @generated by Cargo.
# It is not intended for manual editing.
version = 4

[[package]]
name = "qtv-account"
version = "0.1.0"
dependencies = [
 "qtv-crypto",
 "qtv-idfmt",
 "zeroize",
]

[[package]]
name = "qtv-attest"
version = "0.1.0"
source = "git+https://github.com/Quantova/QRC-CONSENSUS.git?rev=fdee0ee1f9684eeeb1f6cf1ea402f515e87c10b1#fdee0ee1f9684eeeb1f6cf1ea402f515e87c10b1"
dependencies = [
 "qtv-bft",
 "qtv-crypto",
 "qtv-sampler",
]

[[package]]
name = "qtv-bft"
version = "0.1.0"
source = "git+https://github.com/Quantova/QRC-CONSENSUS.git?rev=fdee0ee1f9684eeeb1f6cf1ea402f515e87c10b1#fdee0ee1f9684eeeb1f6cf1ea402f515e87c10b1"
dependencies = [
 "qtv-crypto",
]

[[package]]
name = "qtv-block"
version = "0.1.0"
dependencies = [
 "qtv-codec",
 "qtv-crypto",
 "qtv-idfmt",
 "qtv-tx",
]

[[package]]
name = "qtv-codec"
version = "0.1.0"

[[package]]
name = "qtv-crypto"
version = "0.3.0"
source = "git+https://github.com/Quantova/Q-Crypto.git?rev=21e28f1ffd1ca46a7144136c483618b18cd29bae#21e28f1ffd1ca46a7144136c483618b18cd29bae"

[[package]]
name = "qtv-daemon"
version = "0.1.0"
dependencies = [
 "qtv-account",
 "qtv-block",
 "qtv-crypto",
 "qtv-devnet",
 "qtv-gateway",
 "qtv-net",
 "qtv-node",
]

[[package]]
name = "qtv-devnet"
version = "0.1.0"
dependencies = [
 "qtv-account",
 "qtv-attest",
 "qtv-bft",
 "qtv-block",
 "qtv-codec",
 "qtv-crypto",
 "qtv-devnet",
 "qtv-idfmt",
 "qtv-net",
 "qtv-node",
 "qtv-sampler",
 "qtv-staking",
 "qtv-state",
 "qtv-store",
 "qtv-tx",
]

[[package]]
name = "qtv-gateway"
version = "0.1.0"
dependencies = [
 "qtv-bft",
 "qtv-block",
 "qtv-codec",
 "qtv-devnet",
 "qtv-governance",
 "qtv-idfmt",
 "qtv-node",
 "qtv-staking",
 "qtv-store",
 "qtv-tx",
]

[[package]]
name = "qtv-governance"
version = "0.1.0"
dependencies = [
 "qtv-codec",
]

[[package]]
name = "qtv-idfmt"
version = "0.1.0"

[[package]]
name = "qtv-live"
version = "0.1.0"
dependencies = [
 "qtv-account",
 "qtv-bft",
 "qtv-codec",
 "qtv-devnet",
 "qtv-node",
 "qtv-sampler",
 "qtv-tx",
]

[[package]]
name = "qtv-loopback"
version = "0.1.0"
dependencies = [
 "qtv-account",
 "qtv-bft",
 "qtv-codec",
 "qtv-devnet",
 "qtv-net",
 "qtv-node",
 "qtv-sampler",
 "qtv-tx",
]

[[package]]
name = "qtv-net"
version = "0.1.0"
dependencies = [
 "qtv-crypto",
]

[[package]]
name = "qtv-node"
version = "0.1.0"
dependencies = [
 "qtv-account",
 "qtv-attest",
 "qtv-bft",
 "qtv-block",
 "qtv-codec",
 "qtv-crypto",
 "qtv-governance",
 "qtv-idfmt",
 "qtv-node",
 "qtv-sampler",
 "qtv-staking",
 "qtv-state",
 "qtv-tx",
 "qtv-vm",
]

[[package]]
name = "qtv-sampler"
version = "0.1.0"
source = "git+https://github.com/Quantova/QRC-CONSENSUS.git?rev=fdee0ee1f9684eeeb1f6cf1ea402f515e87c10b1#fdee0ee1f9684eeeb1f6cf1ea402f515e87c10b1"
dependencies = [
 "qtv-crypto",
]

[[package]]
name = "qtv-staking"
version = "0.1.0"
dependencies = [
 "qtv-codec",
]

[[package]]
name = "qtv-state"
version = "0.1.0"
dependencies = [
 "qtv-codec",
 "qtv-crypto",
]

[[package]]
name = "qtv-store"
version = "0.1.0"
dependencies = [
 "qtv-block",
 "qtv-codec",
 "qtv-state",
 "qtv-tx",
]

[[package]]
name = "qtv-tx"
version = "0.1.0"
dependencies = [
 "qtv-account",
 "qtv-codec",
 "qtv-crypto",
 "qtv-idfmt",
 "zeroize",
]

[[package]]
name = "qtv-vm"
version = "0.2.0"
source = "git+https://github.com/Quantova/QVM.git?rev=a4b6b42f4c5aeb0104b035f26b26f5bf2430a8ab#a4b6b42f4c5aeb0104b035f26b26f5bf2430a8ab"
dependencies = [
 "qtv-crypto",
]

[[package]]
name = "qtv-widearea"
version = "0.1.0"
dependencies = [
 "qtv-account",
 "qtv-bft",
 "qtv-codec",
 "qtv-devnet",
 "qtv-loopback",
 "qtv-net",
 "qtv-node",
 "qtv-sampler",
 "qtv-tx",
]

[[package]]
name = "zeroize"
version = "1.9.0"
source = "registry+https://github.com/rust-lang/crates.io-index"
checksum = "e13c156562582aa81c60cb29407084cdb54c4164760106ab78e6c5b0858cf64e"
