# This file is automatically @generated by Cargo.
# It is not intended for manual editing.
version = 4

[[package]]
name = "qtv-account"
version = "0.1.0"
dependencies = [
 "qtv-crypto",
 "qtv-idfmt",
]

[[package]]
name = "qtv-attest"
version = "0.1.0"
source = "git+https://github.com/Quantova/QRC-CONSENSUS.git?tag=v0.6.0#df3eeedfdfe30a0675c825f4bb7d934dc3138bcb"
dependencies = [
 "qtv-bft",
 "qtv-crypto",
 "qtv-sampler",
 "qtv-stark",
]

[[package]]
name = "qtv-bft"
version = "0.1.0"
source = "git+https://github.com/Quantova/QRC-CONSENSUS.git?tag=v0.6.0#df3eeedfdfe30a0675c825f4bb7d934dc3138bcb"
dependencies = [
 "qtv-crypto",
]

[[package]]
name = "qtv-block"
version = "0.1.0"
dependencies = [
 "qtv-codec",
 "qtv-crypto",
 "qtv-idfmt",
 "qtv-tx",
]

[[package]]
name = "qtv-codec"
version = "0.1.0"

[[package]]
name = "qtv-crypto"
version = "0.2.0"
source = "git+https://github.com/Quantova/Q-Crypto.git?tag=v0.3.0#98860273eb291c211fa2dc24f9b63f18936f562c"

[[package]]
name = "qtv-daemon"
version = "0.1.0"
dependencies = [
 "qtv-account",
 "qtv-block",
 "qtv-crypto",
 "qtv-devnet",
 "qtv-gateway",
 "qtv-net",
 "qtv-node",
]

[[package]]
name = "qtv-devnet"
version = "0.1.0"
dependencies = [
 "qtv-account",
 "qtv-attest",
 "qtv-bft",
 "qtv-block",
 "qtv-codec",
 "qtv-crypto",
 "qtv-idfmt",
 "qtv-net",
 "qtv-node",
 "qtv-sampler",
 "qtv-staking",
 "qtv-state",
 "qtv-store",
 "qtv-tx",
]

[[package]]
name = "qtv-gateway"
version = "0.1.0"
dependencies = [
 "qtv-bft",
 "qtv-block",
 "qtv-devnet",
 "qtv-idfmt",
 "qtv-node",
 "qtv-tx",
]

[[package]]
name = "qtv-governance"
version = "0.1.0"
dependencies = [
 "qtv-codec",
]

[[package]]
name = "qtv-idfmt"
version = "0.1.0"

[[package]]
name = "qtv-live"
version = "0.1.0"
dependencies = [
 "qtv-account",
 "qtv-bft",
 "qtv-codec",
 "qtv-devnet",
 "qtv-node",
 "qtv-sampler",
 "qtv-tx",
]

[[package]]
name = "qtv-loopback"
version = "0.1.0"
dependencies = [
 "qtv-account",
 "qtv-bft",
 "qtv-codec",
 "qtv-devnet",
 "qtv-net",
 "qtv-node",
 "qtv-sampler",
 "qtv-tx",
]

[[package]]
name = "qtv-net"
version = "0.1.0"
dependencies = [
 "qtv-crypto",
]

[[package]]
name = "qtv-node"
version = "0.1.0"
dependencies = [
 "qtv-account",
 "qtv-attest",
 "qtv-bft",
 "qtv-block",
 "qtv-codec",
 "qtv-crypto",
 "qtv-idfmt",
 "qtv-sampler",
 "qtv-staking",
 "qtv-state",
 "qtv-tx",
 "qtv-vm",
]

[[package]]
name = "qtv-sampler"
version = "0.1.0"
source = "git+https://github.com/Quantova/QRC-CONSENSUS.git?tag=v0.6.0#df3eeedfdfe30a0675c825f4bb7d934dc3138bcb"
dependencies = [
 "qtv-crypto",
]

[[package]]
name = "qtv-staking"
version = "0.1.0"
dependencies = [
 "qtv-codec",
]

[[package]]
name = "qtv-stark"
version = "0.1.0"
source = "git+https://github.com/Quantova/q-prover.git?tag=v0.8.0#b1984582cb4b242568bb344018ca01770dd5f31d"
dependencies = [
 "qtv-crypto",
]

[[package]]
name = "qtv-state"
version = "0.1.0"
dependencies = [
 "qtv-codec",
 "qtv-crypto",
]

[[package]]
name = "qtv-store"
version = "0.1.0"
dependencies = [
 "qtv-block",
 "qtv-codec",
 "qtv-state",
 "qtv-tx",
]

[[package]]
name = "qtv-tx"
version = "0.1.0"
dependencies = [
 "qtv-account",
 "qtv-codec",
 "qtv-crypto",
 "qtv-idfmt",
]

[[package]]
name = "qtv-vm"
version = "0.2.0"
source = "git+https://github.com/Quantova/QVM.git?tag=v0.3.0#e6acea206b93c7b2c1312bb26ff5d0b4ce635294"
dependencies = [
 "qtv-crypto",
]

[[package]]
name = "qtv-widearea"
version = "0.1.0"
dependencies = [
 "qtv-account",
 "qtv-bft",
 "qtv-codec",
 "qtv-devnet",
 "qtv-loopback",
 "qtv-net",
 "qtv-node",
 "qtv-sampler",
 "qtv-tx",
]
